
Microsoft Visual Studio Solution File, Format Version 12.00
# Visual Studio Version 17
VisualStudioVersion = 17.1.32407.343
MinimumVisualStudioVersion = 10.0.40219.1
Project("{9A19103F-16F7-4668-BE54-9A1E7A4F7556}") = "Interfaces", "Interfaces.csproj", "{20A70C74-DBD7-4774-8487-BC477655168B}"
EndProject
Global
	GlobalSection(SolutionConfigurationPlatforms) = preSolution
		Debug|Any CPU = Debug|Any CPU
		Release|Any CPU = Release|Any CPU
	EndGlobalSection
	GlobalSection(ProjectConfigurationPlatforms) = postSolution
		{20A70C74-DBD7-4774-8487-BC477655168B}.Debug|Any CPU.ActiveCfg = Debug|Any CPU
		{20A70C74-DBD7-4774-8487-BC477655168B}.Debug|Any CPU.Build.0 = Debug|Any CPU
		{20A70C74-DBD7-4774-8487-BC477655168B}.Release|Any CPU.ActiveCfg = Release|Any CPU
		{20A70C74-DBD7-4774-8487-BC477655168B}.Release|Any CPU.Build.0 = Release|Any CPU
	EndGlobalSection
	GlobalSection(SolutionProperties) = preSolution
		HideSolutionNode = FALSE
	EndGlobalSection
	GlobalSection(ExtensibilityGlobals) = postSolution
		SolutionGuid = {0F9D2A47-5708-445E-8E2C-E626F67E780F}
	EndGlobalSection
EndGlobal
