
Microsoft Visual Studio Solution File, Format Version 12.00
# Visual Studio Version 17
VisualStudioVersion = 17.1.32407.343
MinimumVisualStudioVersion = 10.0.40219.1
Project("{FAE04EC0-301F-11D3-BF4B-00C04F79EFBC}") = "ButikSinema", "ButikSinema.csproj", "{CC20E2C1-F63D-44B4-86A6-D8E032B8A2A7}"
EndProject
Global
	GlobalSection(SolutionConfigurationPlatforms) = preSolution
		Debug|Any CPU = Debug|Any CPU
		Release|Any CPU = Release|Any CPU
	EndGlobalSection
	GlobalSection(ProjectConfigurationPlatforms) = postSolution
		{CC20E2C1-F63D-44B4-86A6-D8E032B8A2A7}.Debug|Any CPU.ActiveCfg = Debug|Any CPU
		{CC20E2C1-F63D-44B4-86A6-D8E032B8A2A7}.Debug|Any CPU.Build.0 = Debug|Any CPU
		{CC20E2C1-F63D-44B4-86A6-D8E032B8A2A7}.Release|Any CPU.ActiveCfg = Release|Any CPU
		{CC20E2C1-F63D-44B4-86A6-D8E032B8A2A7}.Release|Any CPU.Build.0 = Release|Any CPU
	EndGlobalSection
	GlobalSection(SolutionProperties) = preSolution
		HideSolutionNode = FALSE
	EndGlobalSection
	GlobalSection(ExtensibilityGlobals) = postSolution
		SolutionGuid = {08C9DEA7-B3BA-4780-B8DF-99FDB7269710}
	EndGlobalSection
EndGlobal
