
Microsoft Visual Studio Solution File, Format Version 12.00
# Visual Studio Version 17
VisualStudioVersion = 17.1.32407.343
MinimumVisualStudioVersion = 10.0.40219.1
Project("{FAE04EC0-301F-11D3-BF4B-00C04F79EFBC}") = "C9Timer", "C9Timer.csproj", "{8A28072C-1CCA-45B7-88E0-3D52B31D41BB}"
EndProject
Global
	GlobalSection(SolutionConfigurationPlatforms) = preSolution
		Debug|Any CPU = Debug|Any CPU
		Release|Any CPU = Release|Any CPU
	EndGlobalSection
	GlobalSection(ProjectConfigurationPlatforms) = postSolution
		{8A28072C-1CCA-45B7-88E0-3D52B31D41BB}.Debug|Any CPU.ActiveCfg = Debug|Any CPU
		{8A28072C-1CCA-45B7-88E0-3D52B31D41BB}.Debug|Any CPU.Build.0 = Debug|Any CPU
		{8A28072C-1CCA-45B7-88E0-3D52B31D41BB}.Release|Any CPU.ActiveCfg = Release|Any CPU
		{8A28072C-1CCA-45B7-88E0-3D52B31D41BB}.Release|Any CPU.Build.0 = Release|Any CPU
	EndGlobalSection
	GlobalSection(SolutionProperties) = preSolution
		HideSolutionNode = FALSE
	EndGlobalSection
	GlobalSection(ExtensibilityGlobals) = postSolution
		SolutionGuid = {2819E6BD-76C5-4384-BAC6-770D8CB447D3}
	EndGlobalSection
EndGlobal
