
Microsoft Visual Studio Solution File, Format Version 12.00
# Visual Studio Version 17
VisualStudioVersion = 17.1.32407.343
MinimumVisualStudioVersion = 10.0.40219.1
Project("{FAE04EC0-301F-11D3-BF4B-00C04F79EFBC}") = "Calculator", "Calculator.csproj", "{8559D2E7-F35D-4154-8120-61F3DE24F91F}"
EndProject
Global
	GlobalSection(SolutionConfigurationPlatforms) = preSolution
		Debug|Any CPU = Debug|Any CPU
		Release|Any CPU = Release|Any CPU
	EndGlobalSection
	GlobalSection(ProjectConfigurationPlatforms) = postSolution
		{8559D2E7-F35D-4154-8120-61F3DE24F91F}.Debug|Any CPU.ActiveCfg = Debug|Any CPU
		{8559D2E7-F35D-4154-8120-61F3DE24F91F}.Debug|Any CPU.Build.0 = Debug|Any CPU
		{8559D2E7-F35D-4154-8120-61F3DE24F91F}.Release|Any CPU.ActiveCfg = Release|Any CPU
		{8559D2E7-F35D-4154-8120-61F3DE24F91F}.Release|Any CPU.Build.0 = Release|Any CPU
	EndGlobalSection
	GlobalSection(SolutionProperties) = preSolution
		HideSolutionNode = FALSE
	EndGlobalSection
	GlobalSection(ExtensibilityGlobals) = postSolution
		SolutionGuid = {86CEEC78-957A-4F5E-B2D0-A6D0A60E59B3}
	EndGlobalSection
EndGlobal
