
Microsoft Visual Studio Solution File, Format Version 12.00
# Visual Studio Version 17
VisualStudioVersion = 17.1.32407.343
MinimumVisualStudioVersion = 10.0.40219.1
Project("{9092AA53-FB77-4645-B42D-1CCCA6BD08BD}") = "Yeni", "Yeni.njsproj", "{81195DEF-E293-46AF-A504-133F768E11EE}"
EndProject
Global
	GlobalSection(SolutionConfigurationPlatforms) = preSolution
		Debug|Any CPU = Debug|Any CPU
		Release|Any CPU = Release|Any CPU
	EndGlobalSection
	GlobalSection(ProjectConfigurationPlatforms) = postSolution
		{81195DEF-E293-46AF-A504-133F768E11EE}.Debug|Any CPU.ActiveCfg = Debug|Any CPU
		{81195DEF-E293-46AF-A504-133F768E11EE}.Debug|Any CPU.Build.0 = Debug|Any CPU
		{81195DEF-E293-46AF-A504-133F768E11EE}.Release|Any CPU.ActiveCfg = Release|Any CPU
		{81195DEF-E293-46AF-A504-133F768E11EE}.Release|Any CPU.Build.0 = Release|Any CPU
	EndGlobalSection
	GlobalSection(SolutionProperties) = preSolution
		HideSolutionNode = FALSE
	EndGlobalSection
	GlobalSection(ExtensibilityGlobals) = postSolution
		SolutionGuid = {567BDBA0-970D-4D15-A433-408960FD7774}
	EndGlobalSection
EndGlobal
