
Microsoft Visual Studio Solution File, Format Version 12.00
# Visual Studio Version 17
VisualStudioVersion = 17.1.32407.343
MinimumVisualStudioVersion = 10.0.40219.1
Project("{FAE04EC0-301F-11D3-BF4B-00C04F79EFBC}") = "enesOgrenciUygulamasi", "enesOgrenciUygulamasi.csproj", "{BCC8A505-D13D-4B9F-9D7D-37EAC839159F}"
EndProject
Global
	GlobalSection(SolutionConfigurationPlatforms) = preSolution
		Debug|Any CPU = Debug|Any CPU
		Release|Any CPU = Release|Any CPU
	EndGlobalSection
	GlobalSection(ProjectConfigurationPlatforms) = postSolution
		{BCC8A505-D13D-4B9F-9D7D-37EAC839159F}.Debug|Any CPU.ActiveCfg = Debug|Any CPU
		{BCC8A505-D13D-4B9F-9D7D-37EAC839159F}.Debug|Any CPU.Build.0 = Debug|Any CPU
		{BCC8A505-D13D-4B9F-9D7D-37EAC839159F}.Release|Any CPU.ActiveCfg = Release|Any CPU
		{BCC8A505-D13D-4B9F-9D7D-37EAC839159F}.Release|Any CPU.Build.0 = Release|Any CPU
	EndGlobalSection
	GlobalSection(SolutionProperties) = preSolution
		HideSolutionNode = FALSE
	EndGlobalSection
	GlobalSection(ExtensibilityGlobals) = postSolution
		SolutionGuid = {B751B977-33B2-4AA4-B3B2-1CD7708A12A4}
	EndGlobalSection
EndGlobal
